// !$*UTF8*$!
{
	archiveVersion = 1;
	classes = {
	};
	objectVersion = 56;
	objects = {

/* Begin PBXBuildFile section */
		CE3954172B2B6D9B001D42E0 /* TravelAppAppMainView.swift in Sources */ = {isa = PBXBuildFile; fileRef = CE3954162B2B6D9B001D42E0 /* TravelAppAppMainView.swift */; };
		CE39541B2B2B6DA1001D42E0 /* Assets.xcassets in Resources */ = {isa = PBXBuildFile; fileRef = CE39541A2B2B6DA1001D42E0 /* Assets.xcassets */; };
		CE39541E2B2B6DA1001D42E0 /* Preview Assets.xcassets in Resources */ = {isa = PBXBuildFile; fileRef = CE39541D2B2B6DA1001D42E0 /* Preview Assets.xcassets */; };
		CE3954252B2C15EF001D42E0 /* DestinationDetailView.swift in Sources */ = {isa = PBXBuildFile; fileRef = CE3954242B2C15EF001D42E0 /* DestinationDetailView.swift */; };
		CE3954272B2C1610001D42E0 /* TransportView.swift in Sources */ = {isa = PBXBuildFile; fileRef = CE3954262B2C1610001D42E0 /* TransportView.swift */; };
		CE3954292B2C161E001D42E0 /* MustSeeView.swift in Sources */ = {isa = PBXBuildFile; fileRef = CE3954282B2C161D001D42E0 /* MustSeeView.swift */; };
		CE39542B2B2C162B001D42E0 /* HotelsView.swift in Sources */ = {isa = PBXBuildFile; fileRef = CE39542A2B2C162B001D42E0 /* HotelsView.swift */; };
		CE39542D2B2C165A001D42E0 /* TravelApp.swift in Sources */ = {isa = PBXBuildFile; fileRef = CE39542C2B2C165A001D42E0 /* TravelApp.swift */; };
		CE39542F2B2C1673001D42E0 /* HeaderView.swift in Sources */ = {isa = PBXBuildFile; fileRef = CE39542E2B2C1673001D42E0 /* HeaderView.swift */; };
		CE3954312B2C1682001D42E0 /* TravelCardView.swift in Sources */ = {isa = PBXBuildFile; fileRef = CE3954302B2C1682001D42E0 /* TravelCardView.swift */; };
		CE3954332B2C1690001D42E0 /* IMageCarouselView.swift in Sources */ = {isa = PBXBuildFile; fileRef = CE3954322B2C1690001D42E0 /* IMageCarouselView.swift */; };
		CE3954352B2C16A1001D42E0 /* TravelAppViewModel.swift in Sources */ = {isa = PBXBuildFile; fileRef = CE3954342B2C16A1001D42E0 /* TravelAppViewModel.swift */; };
		CE3954372B2C16DD001D42E0 /* DestinationModel.swift in Sources */ = {isa = PBXBuildFile; fileRef = CE3954362B2C16DD001D42E0 /* DestinationModel.swift */; };
/* End PBXBuildFile section */

/* Begin PBXFileReference section */
		CE3954132B2B6D9B001D42E0 /* TravelApp.app */ = {isa = PBXFileReference; explicitFileType = wrapper.application; includeInIndex = 0; path = TravelApp.app; sourceTree = BUILT_PRODUCTS_DIR; };
		CE3954162B2B6D9B001D42E0 /* TravelAppAppMainView.swift */ = {isa = PBXFileReference; lastKnownFileType = sourcecode.swift; path = TravelAppAppMainView.swift; sourceTree = "<group>"; };
		CE39541A2B2B6DA1001D42E0 /* Assets.xcassets */ = {isa = PBXFileReference; lastKnownFileType = folder.assetcatalog; path = Assets.xcassets; sourceTree = "<group>"; };
		CE39541D2B2B6DA1001D42E0 /* Preview Assets.xcassets */ = {isa = PBXFileReference; lastKnownFileType = folder.assetcatalog; path = "Preview Assets.xcassets"; sourceTree = "<group>"; };
		CE3954242B2C15EF001D42E0 /* DestinationDetailView.swift */ = {isa = PBXFileReference; lastKnownFileType = sourcecode.swift; path = DestinationDetailView.swift; sourceTree = "<group>"; };
		CE3954262B2C1610001D42E0 /* TransportView.swift */ = {isa = PBXFileReference; lastKnownFileType = sourcecode.swift; path = TransportView.swift; sourceTree = "<group>"; };
		CE3954282B2C161D001D42E0 /* MustSeeView.swift */ = {isa = PBXFileReference; lastKnownFileType = sourcecode.swift; path = MustSeeView.swift; sourceTree = "<group>"; };
		CE39542A2B2C162B001D42E0 /* HotelsView.swift */ = {isa = PBXFileReference; lastKnownFileType = sourcecode.swift; path = HotelsView.swift; sourceTree = "<group>"; };
		CE39542C2B2C165A001D42E0 /* TravelApp.swift */ = {isa = PBXFileReference; lastKnownFileType = sourcecode.swift; path = TravelApp.swift; sourceTree = "<group>"; };
		CE39542E2B2C1673001D42E0 /* HeaderView.swift */ = {isa = PBXFileReference; lastKnownFileType = sourcecode.swift; path = HeaderView.swift; sourceTree = "<group>"; };
		CE3954302B2C1682001D42E0 /* TravelCardView.swift */ = {isa = PBXFileReference; lastKnownFileType = sourcecode.swift; path = TravelCardView.swift; sourceTree = "<group>"; };
		CE3954322B2C1690001D42E0 /* IMageCarouselView.swift */ = {isa = PBXFileReference; lastKnownFileType = sourcecode.swift; path = IMageCarouselView.swift; sourceTree = "<group>"; };
		CE3954342B2C16A1001D42E0 /* TravelAppViewModel.swift */ = {isa = PBXFileReference; lastKnownFileType = sourcecode.swift; path = TravelAppViewModel.swift; sourceTree = "<group>"; };
		CE3954362B2C16DD001D42E0 /* DestinationModel.swift */ = {isa = PBXFileReference; lastKnownFileType = sourcecode.swift; path = DestinationModel.swift; sourceTree = "<group>"; };
/* End PBXFileReference section */

/* Begin PBXFrameworksBuildPhase section */
		CE3954102B2B6D9B001D42E0 /* Frameworks */ = {
			isa = PBXFrameworksBuildPhase;
			buildActionMask = 2147483647;
			files = (
			);
			runOnlyForDeploymentPostprocessing = 0;
		};
/* End PBXFrameworksBuildPhase section */

/* Begin PBXGroup section */
		CE39540A2B2B6D9B001D42E0 = {
			isa = PBXGroup;
			children = (
				CE3954152B2B6D9B001D42E0 /* TravelApp */,
				CE3954142B2B6D9B001D42E0 /* Products */,
			);
			sourceTree = "<group>";
		};
		CE3954142B2B6D9B001D42E0 /* Products */ = {
			isa = PBXGroup;
			children = (
				CE3954132B2B6D9B001D42E0 /* TravelApp.app */,
			);
			name = Products;
			sourceTree = "<group>";
		};
		CE3954152B2B6D9B001D42E0 /* TravelApp */ = {
			isa = PBXGroup;
			children = (
				CE3954162B2B6D9B001D42E0 /* TravelAppAppMainView.swift */,
				CE3954242B2C15EF001D42E0 /* DestinationDetailView.swift */,
				CE3954262B2C1610001D42E0 /* TransportView.swift */,
				CE3954282B2C161D001D42E0 /* MustSeeView.swift */,
				CE39542A2B2C162B001D42E0 /* HotelsView.swift */,
				CE39542C2B2C165A001D42E0 /* TravelApp.swift */,
				CE39542E2B2C1673001D42E0 /* HeaderView.swift */,
				CE3954302B2C1682001D42E0 /* TravelCardView.swift */,
				CE3954322B2C1690001D42E0 /* IMageCarouselView.swift */,
				CE3954342B2C16A1001D42E0 /* TravelAppViewModel.swift */,
				CE3954362B2C16DD001D42E0 /* DestinationModel.swift */,
				CE39541A2B2B6DA1001D42E0 /* Assets.xcassets */,
				CE39541C2B2B6DA1001D42E0 /* Preview Content */,
			);
			path = TravelApp;
			sourceTree = "<group>";
		};
		CE39541C2B2B6DA1001D42E0 /* Preview Content */ = {
			isa = PBXGroup;
			children = (
				CE39541D2B2B6DA1001D42E0 /* Preview Assets.xcassets */,
			);
			path = "Preview Content";
			sourceTree = "<group>";
		};
/* End PBXGroup section */

/* Begin PBXNativeTarget section */
		CE3954122B2B6D9B001D42E0 /* TravelApp */ = {
			isa = PBXNativeTarget;
			buildConfigurationList = CE3954212B2B6DA1001D42E0 /* Build configuration list for PBXNativeTarget "TravelApp" */;
			buildPhases = (
				CE39540F2B2B6D9B001D42E0 /* Sources */,
				CE3954102B2B6D9B001D42E0 /* Frameworks */,
				CE3954112B2B6D9B001D42E0 /* Resources */,
			);
			buildRules = (
			);
			dependencies = (
			);
			name = TravelApp;
			productName = TravelApp;
			productReference = CE3954132B2B6D9B001D42E0 /* TravelApp.app */;
			productType = "com.apple.product-type.application";
		};
/* End PBXNativeTarget section */

/* Begin PBXProject section */
		CE39540B2B2B6D9B001D42E0 /* Project object */ = {
			isa = PBXProject;
			attributes = {
				BuildIndependentTargetsInParallel = 1;
				LastSwiftUpdateCheck = 1500;
				LastUpgradeCheck = 1500;
				TargetAttributes = {
					CE3954122B2B6D9B001D42E0 = {
						CreatedOnToolsVersion = 15.0.1;
					};
				};
			};
			buildConfigurationList = CE39540E2B2B6D9B001D42E0 /* Build configuration list for PBXProject "TravelApp" */;
			compatibilityVersion = "Xcode 14.0";
			developmentRegion = en;
			hasScannedForEncodings = 0;
			knownRegions = (
				en,
				Base,
			);
			mainGroup = CE39540A2B2B6D9B001D42E0;
			productRefGroup = CE3954142B2B6D9B001D42E0 /* Products */;
			projectDirPath = "";
			projectRoot = "";
			targets = (
				CE3954122B2B6D9B001D42E0 /* TravelApp */,
			);
		};
/* End PBXProject section */

/* Begin PBXResourcesBuildPhase section */
		CE3954112B2B6D9B001D42E0 /* Resources */ = {
			isa = PBXResourcesBuildPhase;
			buildActionMask = 2147483647;
			files = (
				CE39541E2B2B6DA1001D42E0 /* Preview Assets.xcassets in Resources */,
				CE39541B2B2B6DA1001D42E0 /* Assets.xcassets in Resources */,
			);
			runOnlyForDeploymentPostprocessing = 0;
		};
/* End PBXResourcesBuildPhase section */

/* Begin PBXSourcesBuildPhase section */
		CE39540F2B2B6D9B001D42E0 /* Sources */ = {
			isa = PBXSourcesBuildPhase;
			buildActionMask = 2147483647;
			files = (
				CE3954252B2C15EF001D42E0 /* DestinationDetailView.swift in Sources */,
				CE3954352B2C16A1001D42E0 /* TravelAppViewModel.swift in Sources */,
				CE39542D2B2C165A001D42E0 /* TravelApp.swift in Sources */,
				CE3954312B2C1682001D42E0 /* TravelCardView.swift in Sources */,
				CE39542B2B2C162B001D42E0 /* HotelsView.swift in Sources */,
				CE3954332B2C1690001D42E0 /* IMageCarouselView.swift in Sources */,
				CE3954292B2C161E001D42E0 /* MustSeeView.swift in Sources */,
				CE3954272B2C1610001D42E0 /* TransportView.swift in Sources */,
				CE3954172B2B6D9B001D42E0 /* TravelAppAppMainView.swift in Sources */,
				CE3954372B2C16DD001D42E0 /* DestinationModel.swift in Sources */,
				CE39542F2B2C1673001D42E0 /* HeaderView.swift in Sources */,
			);
			runOnlyForDeploymentPostprocessing = 0;
		};
/* End PBXSourcesBuildPhase section */

/* Begin XCBuildConfiguration section */
		CE39541F2B2B6DA1001D42E0 /* Debug */ = {
			isa = XCBuildConfiguration;
			buildSettings = {
				ALWAYS_SEARCH_USER_PATHS = NO;
				ASSETCATALOG_COMPILER_GENERATE_SWIFT_ASSET_SYMBOL_EXTENSIONS = YES;
				CLANG_ANALYZER_NONNULL = YES;
				CLANG_ANALYZER_NUMBER_OBJECT_CONVERSION = YES_AGGRESSIVE;
				CLANG_CXX_LANGUAGE_STANDARD = "gnu++20";
				CLANG_ENABLE_MODULES = YES;
				CLANG_ENABLE_OBJC_ARC = YES;
				CLANG_ENABLE_OBJC_WEAK = YES;
				CLANG_WARN_BLOCK_CAPTURE_AUTORELEASING = YES;
				CLANG_WARN_BOOL_CONVERSION = YES;
				CLANG_WARN_COMMA = YES;
				CLANG_WARN_CONSTANT_CONVERSION = YES;
				CLANG_WARN_DEPRECATED_OBJC_IMPLEMENTATIONS = YES;
				CLANG_WARN_DIRECT_OBJC_ISA_USAGE = YES_ERROR;
				CLANG_WARN_DOCUMENTATION_COMMENTS = YES;
				CLANG_WARN_EMPTY_BODY = YES;
				CLANG_WARN_ENUM_CONVERSION = YES;
				CLANG_WARN_INFINITE_RECURSION = YES;
				CLANG_WARN_INT_CONVERSION = YES;
				CLANG_WARN_NON_LITERAL_NULL_CONVERSION = YES;
				CLANG_WARN_OBJC_IMPLICIT_RETAIN_SELF = YES;
				CLANG_WARN_OBJC_LITERAL_CONVERSION = YES;
				CLANG_WARN_OBJC_ROOT_CLASS = YES_ERROR;
				CLANG_WARN_QUOTED_INCLUDE_IN_FRAMEWORK_HEADER = YES;
				CLANG_WARN_RANGE_LOOP_ANALYSIS = YES;
				CLANG_WARN_STRICT_PROTOTYPES = YES;
				CLANG_WARN_SUSPICIOUS_MOVE = YES;
				CLANG_WARN_UNGUARDED_AVAILABILITY = YES_AGGRESSIVE;
				CLANG_WARN_UNREACHABLE_CODE = YES;
				CLANG_WARN__DUPLICATE_METHOD_MATCH = YES;
				COPY_PHASE_STRIP = NO;
				DEBUG_INFORMATION_FORMAT = dwarf;
				ENABLE_STRICT_OBJC_MSGSEND = YES;
				ENABLE_TESTABILITY = YES;
				ENABLE_USER_SCRIPT_SANDBOXING = YES;
				GCC_C_LANGUAGE_STANDARD = gnu17;
				GCC_DYNAMIC_NO_PIC = NO;
				GCC_NO_COMMON_BLOCKS = YES;
				GCC_OPTIMIZATION_LEVEL = 0;
				GCC_PREPROCESSOR_DEFINITIONS = (
					"DEBUG=1",
					"$(inherited)",
				);
				GCC_WARN_64_TO_32_BIT_CONVERSION = YES;
				GCC_WARN_ABOUT_RETURN_TYPE = YES_ERROR;
				GCC_WARN_UNDECLARED_SELECTOR = YES;
				GCC_WARN_UNINITIALIZED_AUTOS = YES_AGGRESSIVE;
				GCC_WARN_UNUSED_FUNCTION = YES;
				GCC_WARN_UNUSED_VARIABLE = YES;
				IPHONEOS_DEPLOYMENT_TARGET = 17.0;
				LOCALIZATION_PREFERS_STRING_CATALOGS = YES;
				MTL_ENABLE_DEBUG_INFO = INCLUDE_SOURCE;
				MTL_FAST_MATH = YES;
				ONLY_ACTIVE_ARCH = YES;
				SDKROOT = iphoneos;
				SWIFT_ACTIVE_COMPILATION_CONDITIONS = "DEBUG $(inherited)";
				SWIFT_OPTIMIZATION_LEVEL = "-Onone";
			};
			name = Debug;
		};
		CE3954202B2B6DA1001D42E0 /* Release */ = {
			isa = XCBuildConfiguration;
			buildSettings = {
				ALWAYS_SEARCH_USER_PATHS = NO;
				ASSETCATALOG_COMPILER_GENERATE_SWIFT_ASSET_SYMBOL_EXTENSIONS = YES;
				CLANG_ANALYZER_NONNULL = YES;
				CLANG_ANALYZER_NUMBER_OBJECT_CONVERSION = YES_AGGRESSIVE;
				CLANG_CXX_LANGUAGE_STANDARD = "gnu++20";
				CLANG_ENABLE_MODULES = YES;
				CLANG_ENABLE_OBJC_ARC = YES;
				CLANG_ENABLE_OBJC_WEAK = YES;
				CLANG_WARN_BLOCK_CAPTURE_AUTORELEASING = YES;
				CLANG_WARN_BOOL_CONVERSION = YES;
				CLANG_WARN_COMMA = YES;
				CLANG_WARN_CONSTANT_CONVERSION = YES;
				CLANG_WARN_DEPRECATED_OBJC_IMPLEMENTATIONS = YES;
				CLANG_WARN_DIRECT_OBJC_ISA_USAGE = YES_ERROR;
				CLANG_WARN_DOCUMENTATION_COMMENTS = YES;
				CLANG_WARN_EMPTY_BODY = YES;
				CLANG_WARN_ENUM_CONVERSION = YES;
				CLANG_WARN_INFINITE_RECURSION = YES;
				CLANG_WARN_INT_CONVERSION = YES;
				CLANG_WARN_NON_LITERAL_NULL_CONVERSION = YES;
				CLANG_WARN_OBJC_IMPLICIT_RETAIN_SELF = YES;
				CLANG_WARN_OBJC_LITERAL_CONVERSION = YES;
				CLANG_WARN_OBJC_ROOT_CLASS = YES_ERROR;
				CLANG_WARN_QUOTED_INCLUDE_IN_FRAMEWORK_HEADER = YES;
				CLANG_WARN_RANGE_LOOP_ANALYSIS = YES;
				CLANG_WARN_STRICT_PROTOTYPES = YES;
				CLANG_WARN_SUSPICIOUS_MOVE = YES;
				CLANG_WARN_UNGUARDED_AVAILABILITY = YES_AGGRESSIVE;
				CLANG_WARN_UNREACHABLE_CODE = YES;
				CLANG_WARN__DUPLICATE_METHOD_MATCH = YES;
				COPY_PHASE_STRIP = NO;
				DEBUG_INFORMATION_FORMAT = "dwarf-with-dsym";
				ENABLE_NS_ASSERTIONS = NO;
				ENABLE_STRICT_OBJC_MSGSEND = YES;
				ENABLE_USER_SCRIPT_SANDBOXING = YES;
				GCC_C_LANGUAGE_STANDARD = gnu17;
				GCC_NO_COMMON_BLOCKS = YES;
				GCC_WARN_64_TO_32_BIT_CONVERSION = YES;
				GCC_WARN_ABOUT_RETURN_TYPE = YES_ERROR;
				GCC_WARN_UNDECLARED_SELECTOR = YES;
				GCC_WARN_UNINITIALIZED_AUTOS = YES_AGGRESSIVE;
				GCC_WARN_UNUSED_FUNCTION = YES;
				GCC_WARN_UNUSED_VARIABLE = YES;
				IPHONEOS_DEPLOYMENT_TARGET = 17.0;
				LOCALIZATION_PREFERS_STRING_CATALOGS = YES;
				MTL_ENABLE_DEBUG_INFO = NO;
				MTL_FAST_MATH = YES;
				SDKROOT = iphoneos;
				SWIFT_COMPILATION_MODE = wholemodule;
				VALIDATE_PRODUCT = YES;
			};
			name = Release;
		};
		CE3954222B2B6DA1001D42E0 /* Debug */ = {
			isa = XCBuildConfiguration;
			buildSettings = {
				ASSETCATALOG_COMPILER_APPICON_NAME = AppIcon;
				ASSETCATALOG_COMPILER_GLOBAL_ACCENT_COLOR_NAME = AccentColor;
				CODE_SIGN_STYLE = Automatic;
				CURRENT_PROJECT_VERSION = 1;
				DEVELOPMENT_ASSET_PATHS = "\"TravelApp/Preview Content\"";
				DEVELOPMENT_TEAM = 3MMDWT9QJB;
				ENABLE_PREVIEWS = YES;
				GENERATE_INFOPLIST_FILE = YES;
				INFOPLIST_KEY_UIApplicationSceneManifest_Generation = YES;
				INFOPLIST_KEY_UIApplicationSupportsIndirectInputEvents = YES;
				INFOPLIST_KEY_UILaunchScreen_Generation = YES;
				INFOPLIST_KEY_UISupportedInterfaceOrientations_iPad = "UIInterfaceOrientationPortrait UIInterfaceOrientationPortraitUpsideDown UIInterfaceOrientationLandscapeLeft UIInterfaceOrientationLandscapeRight";
				INFOPLIST_KEY_UISupportedInterfaceOrientations_iPhone = "UIInterfaceOrientationPortrait UIInterfaceOrientationLandscapeLeft UIInterfaceOrientationLandscapeRight";
				LD_RUNPATH_SEARCH_PATHS = (
					"$(inherited)",
					"@executable_path/Frameworks",
				);
				MARKETING_VERSION = 1.0;
				PRODUCT_BUNDLE_IDENTIFIER = "TBC-Academy.TravelApp";
				PRODUCT_NAME = "$(TARGET_NAME)";
				SWIFT_EMIT_LOC_STRINGS = YES;
				SWIFT_VERSION = 5.0;
				TARGETED_DEVICE_FAMILY = "1,2";
			};
			name = Debug;
		};
		CE3954232B2B6DA1001D42E0 /* Release */ = {
			isa = XCBuildConfiguration;
			buildSettings = {
				ASSETCATALOG_COMPILER_APPICON_NAME = AppIcon;
				ASSETCATALOG_COMPILER_GLOBAL_ACCENT_COLOR_NAME = AccentColor;
				CODE_SIGN_STYLE = Automatic;
				CURRENT_PROJECT_VERSION = 1;
				DEVELOPMENT_ASSET_PATHS = "\"TravelApp/Preview Content\"";
				DEVELOPMENT_TEAM = 3MMDWT9QJB;
				ENABLE_PREVIEWS = YES;
				GENERATE_INFOPLIST_FILE = YES;
				INFOPLIST_KEY_UIApplicationSceneManifest_Generation = YES;
				INFOPLIST_KEY_UIApplicationSupportsIndirectInputEvents = YES;
				INFOPLIST_KEY_UILaunchScreen_Generation = YES;
				INFOPLIST_KEY_UISupportedInterfaceOrientations_iPad = "UIInterfaceOrientationPortrait UIInterfaceOrientationPortraitUpsideDown UIInterfaceOrientationLandscapeLeft UIInterfaceOrientationLandscapeRight";
				INFOPLIST_KEY_UISupportedInterfaceOrientations_iPhone = "UIInterfaceOrientationPortrait UIInterfaceOrientationLandscapeLeft UIInterfaceOrientationLandscapeRight";
				LD_RUNPATH_SEARCH_PATHS = (
					"$(inherited)",
					"@executable_path/Frameworks",
				);
				MARKETING_VERSION = 1.0;
				PRODUCT_BUNDLE_IDENTIFIER = "TBC-Academy.TravelApp";
				PRODUCT_NAME = "$(TARGET_NAME)";
				SWIFT_EMIT_LOC_STRINGS = YES;
				SWIFT_VERSION = 5.0;
				TARGETED_DEVICE_FAMILY = "1,2";
			};
			name = Release;
		};
/* End XCBuildConfiguration section */

/* Begin XCConfigurationList section */
		CE39540E2B2B6D9B001D42E0 /* Build configuration list for PBXProject "TravelApp" */ = {
			isa = XCConfigurationList;
			buildConfigurations = (
				CE39541F2B2B6DA1001D42E0 /* Debug */,
				CE3954202B2B6DA1001D42E0 /* Release */,
			);
			defaultConfigurationIsVisible = 0;
			defaultConfigurationName = Release;
		};
		CE3954212B2B6DA1001D42E0 /* Build configuration list for PBXNativeTarget "TravelApp" */ = {
			isa = XCConfigurationList;
			buildConfigurations = (
				CE3954222B2B6DA1001D42E0 /* Debug */,
				CE3954232B2B6DA1001D42E0 /* Release */,
			);
			defaultConfigurationIsVisible = 0;
			defaultConfigurationName = Release;
		};
/* End XCConfigurationList section */
	};
	rootObject = CE39540B2B2B6D9B001D42E0 /* Project object */;
}
